
Microsoft Visual Studio Solution File, Format Version 12.00
# Visual Studio Version 16
VisualStudioVersion = 16.0.30717.126
MinimumVisualStudioVersion = 10.0.40219.1
Project("{FAE04EC0-301F-11D3-BF4B-00C04F79EFBC}") = "FatherGolf", "FatherGolf\FatherGolf.csproj", "{7FDCAB9C-AA0B-4E61-ABFB-11200250D3FC}"
EndProject
Global
	GlobalSection(SolutionConfigurationPlatforms) = preSolution
		Debug|Any CPU = Debug|Any CPU
		Release|Any CPU = Release|Any CPU
	EndGlobalSection
	GlobalSection(ProjectConfigurationPlatforms) = postSolution
		{7FDCAB9C-AA0B-4E61-ABFB-11200250D3FC}.Debug|Any CPU.ActiveCfg = Debug|Any CPU
		{7FDCAB9C-AA0B-4E61-ABFB-11200250D3FC}.Debug|Any CPU.Build.0 = Debug|Any CPU
		{7FDCAB9C-AA0B-4E61-ABFB-11200250D3FC}.Release|Any CPU.ActiveCfg = Release|Any CPU
		{7FDCAB9C-AA0B-4E61-ABFB-11200250D3FC}.Release|Any CPU.Build.0 = Release|Any CPU
	EndGlobalSection
	GlobalSection(SolutionProperties) = preSolution
		HideSolutionNode = FALSE
	EndGlobalSection
	GlobalSection(ExtensibilityGlobals) = postSolution
		SolutionGuid = {64FA9C11-FB68-41B0-855E-A6DF015FEF91}
	EndGlobalSection
EndGlobal
